// !$*UTF8*$!
{
	archiveVersion = 1;
	classes = {
	};
	objectVersion = 52;
	objects = {

/* Begin PBXBuildFile section */
		F737F8F8255AADF90061D961 /* main.swift in Sources */ = {isa = PBXBuildFile; fileRef = F737F8F7255AADF90061D961 /* main.swift */; };
		F737F901255AB0310061D961 /* ComplexModule in Frameworks */ = {isa = PBXBuildFile; productRef = F737F900255AB0310061D961 /* ComplexModule */; };
		F737F903255AB0310061D961 /* RealModule in Frameworks */ = {isa = PBXBuildFile; productRef = F737F902255AB0310061D961 /* RealModule */; };
		F737F905255AB0310061D961 /* Numerics in Frameworks */ = {isa = PBXBuildFile; productRef = F737F904255AB0310061D961 /* Numerics */; };
		F737F909255AB1350061D961 /* SwiftCSV in Frameworks */ = {isa = PBXBuildFile; productRef = F737F908255AB1350061D961 /* SwiftCSV */; };
/* End PBXBuildFile section */

/* Begin PBXCopyFilesBuildPhase section */
		F737F8F2255AADF90061D961 /* CopyFiles */ = {
			isa = PBXCopyFilesBuildPhase;
			buildActionMask = 2147483647;
			dstPath = /usr/share/man/man1/;
			dstSubfolderSpec = 0;
			files = (
			);
			runOnlyForDeploymentPostprocessing = 1;
		};
/* End PBXCopyFilesBuildPhase section */

/* Begin PBXFileReference section */
		F737F8F4255AADF90061D961 /* mlquiz */ = {isa = PBXFileReference; explicitFileType = "compiled.mach-o.executable"; includeInIndex = 0; path = mlquiz; sourceTree = BUILT_PRODUCTS_DIR; };
		F737F8F7255AADF90061D961 /* main.swift */ = {isa = PBXFileReference; lastKnownFileType = sourcecode.swift; path = main.swift; sourceTree = "<group>"; };
/* End PBXFileReference section */

/* Begin PBXFrameworksBuildPhase section */
		F737F8F1255AADF90061D961 /* Frameworks */ = {
			isa = PBXFrameworksBuildPhase;
			buildActionMask = 2147483647;
			files = (
				F737F903255AB0310061D961 /* RealModule in Frameworks */,
				F737F909255AB1350061D961 /* SwiftCSV in Frameworks */,
				F737F905255AB0310061D961 /* Numerics in Frameworks */,
				F737F901255AB0310061D961 /* ComplexModule in Frameworks */,
			);
			runOnlyForDeploymentPostprocessing = 0;
		};
/* End PBXFrameworksBuildPhase section */

/* Begin PBXGroup section */
		F737F8EB255AADF90061D961 = {
			isa = PBXGroup;
			children = (
				F737F8F6255AADF90061D961 /* mlquiz */,
				F737F8F5255AADF90061D961 /* Products */,
			);
			sourceTree = "<group>";
		};
		F737F8F5255AADF90061D961 /* Products */ = {
			isa = PBXGroup;
			children = (
				F737F8F4255AADF90061D961 /* mlquiz */,
			);
			name = Products;
			sourceTree = "<group>";
		};
		F737F8F6255AADF90061D961 /* mlquiz */ = {
			isa = PBXGroup;
			children = (
				F737F8F7255AADF90061D961 /* main.swift */,
			);
			path = mlquiz;
			sourceTree = "<group>";
		};
/* End PBXGroup section */

/* Begin PBXNativeTarget section */
		F737F8F3255AADF90061D961 /* mlquiz */ = {
			isa = PBXNativeTarget;
			buildConfigurationList = F737F8FB255AADF90061D961 /* Build configuration list for PBXNativeTarget "mlquiz" */;
			buildPhases = (
				F737F8F0255AADF90061D961 /* Sources */,
				F737F8F1255AADF90061D961 /* Frameworks */,
				F737F8F2255AADF90061D961 /* CopyFiles */,
			);
			buildRules = (
			);
			dependencies = (
			);
			name = mlquiz;
			packageProductDependencies = (
				F737F900255AB0310061D961 /* ComplexModule */,
				F737F902255AB0310061D961 /* RealModule */,
				F737F904255AB0310061D961 /* Numerics */,
				F737F908255AB1350061D961 /* SwiftCSV */,
			);
			productName = mlquiz;
			productReference = F737F8F4255AADF90061D961 /* mlquiz */;
			productType = "com.apple.product-type.tool";
		};
/* End PBXNativeTarget section */

/* Begin PBXProject section */
		F737F8EC255AADF90061D961 /* Project object */ = {
			isa = PBXProject;
			attributes = {
				LastSwiftUpdateCheck = 1210;
				LastUpgradeCheck = 1210;
				TargetAttributes = {
					F737F8F3255AADF90061D961 = {
						CreatedOnToolsVersion = 12.1;
					};
				};
			};
			buildConfigurationList = F737F8EF255AADF90061D961 /* Build configuration list for PBXProject "mlquiz" */;
			compatibilityVersion = "Xcode 9.3";
			developmentRegion = en;
			hasScannedForEncodings = 0;
			knownRegions = (
				en,
				Base,
			);
			mainGroup = F737F8EB255AADF90061D961;
			packageReferences = (
				F737F8FF255AB0310061D961 /* XCRemoteSwiftPackageReference "swift-numerics" */,
				F737F907255AB1350061D961 /* XCRemoteSwiftPackageReference "SwiftCSV" */,
			);
			productRefGroup = F737F8F5255AADF90061D961 /* Products */;
			projectDirPath = "";
			projectRoot = "";
			targets = (
				F737F8F3255AADF90061D961 /* mlquiz */,
			);
		};
/* End PBXProject section */

/* Begin PBXSourcesBuildPhase section */
		F737F8F0255AADF90061D961 /* Sources */ = {
			isa = PBXSourcesBuildPhase;
			buildActionMask = 2147483647;
			files = (
				F737F8F8255AADF90061D961 /* main.swift in Sources */,
			);
			runOnlyForDeploymentPostprocessing = 0;
		};
/* End PBXSourcesBuildPhase section */

/* Begin XCBuildConfiguration section */
		F737F8F9255AADF90061D961 /* Debug */ = {
			isa = XCBuildConfiguration;
			buildSettings = {
				ALWAYS_SEARCH_USER_PATHS = NO;
				CLANG_ANALYZER_NONNULL = YES;
				CLANG_ANALYZER_NUMBER_OBJECT_CONVERSION = YES_AGGRESSIVE;
				CLANG_CXX_LANGUAGE_STANDARD = "gnu++14";
				CLANG_CXX_LIBRARY = "libc++";
				CLANG_ENABLE_MODULES = YES;
				CLANG_ENABLE_OBJC_ARC = YES;
				CLANG_ENABLE_OBJC_WEAK = YES;
				CLANG_WARN_BLOCK_CAPTURE_AUTORELEASING = YES;
				CLANG_WARN_BOOL_CONVERSION = YES;
				CLANG_WARN_COMMA = YES;
				CLANG_WARN_CONSTANT_CONVERSION = YES;
				CLANG_WARN_DEPRECATED_OBJC_IMPLEMENTATIONS = YES;
				CLANG_WARN_DIRECT_OBJC_ISA_USAGE = YES_ERROR;
				CLANG_WARN_DOCUMENTATION_COMMENTS = YES;
				CLANG_WARN_EMPTY_BODY = YES;
				CLANG_WARN_ENUM_CONVERSION = YES;
				CLANG_WARN_INFINITE_RECURSION = YES;
				CLANG_WARN_INT_CONVERSION = YES;
				CLANG_WARN_NON_LITERAL_NULL_CONVERSION = YES;
				CLANG_WARN_OBJC_IMPLICIT_RETAIN_SELF = YES;
				CLANG_WARN_OBJC_LITERAL_CONVERSION = YES;
				CLANG_WARN_OBJC_ROOT_CLASS = YES_ERROR;
				CLANG_WARN_QUOTED_INCLUDE_IN_FRAMEWORK_HEADER = YES;
				CLANG_WARN_RANGE_LOOP_ANALYSIS = YES;
				CLANG_WARN_STRICT_PROTOTYPES = YES;
				CLANG_WARN_SUSPICIOUS_MOVE = YES;
				CLANG_WARN_UNGUARDED_AVAILABILITY = YES_AGGRESSIVE;
				CLANG_WARN_UNREACHABLE_CODE = YES;
				CLANG_WARN__DUPLICATE_METHOD_MATCH = YES;
				COPY_PHASE_STRIP = NO;
				DEBUG_INFORMATION_FORMAT = dwarf;
				ENABLE_STRICT_OBJC_MSGSEND = YES;
				ENABLE_TESTABILITY = YES;
				GCC_C_LANGUAGE_STANDARD = gnu11;
				GCC_DYNAMIC_NO_PIC = NO;
				GCC_NO_COMMON_BLOCKS = YES;
				GCC_OPTIMIZATION_LEVEL = 0;
				GCC_PREPROCESSOR_DEFINITIONS = (
					"DEBUG=1",
					"$(inherited)",
				);
				GCC_WARN_64_TO_32_BIT_CONVERSION = YES;
				GCC_WARN_ABOUT_RETURN_TYPE = YES_ERROR;
				GCC_WARN_UNDECLARED_SELECTOR = YES;
				GCC_WARN_UNINITIALIZED_AUTOS = YES_AGGRESSIVE;
				GCC_WARN_UNUSED_FUNCTION = YES;
				GCC_WARN_UNUSED_VARIABLE = YES;
				MACOSX_DEPLOYMENT_TARGET = 10.15;
				MTL_ENABLE_DEBUG_INFO = INCLUDE_SOURCE;
				MTL_FAST_MATH = YES;
				ONLY_ACTIVE_ARCH = YES;
				SDKROOT = macosx;
				SWIFT_ACTIVE_COMPILATION_CONDITIONS = DEBUG;
				SWIFT_OPTIMIZATION_LEVEL = "-Onone";
			};
			name = Debug;
		};
		F737F8FA255AADF90061D961 /* Release */ = {
			isa = XCBuildConfiguration;
			buildSettings = {
				ALWAYS_SEARCH_USER_PATHS = NO;
				CLANG_ANALYZER_NONNULL = YES;
				CLANG_ANALYZER_NUMBER_OBJECT_CONVERSION = YES_AGGRESSIVE;
				CLANG_CXX_LANGUAGE_STANDARD = "gnu++14";
				CLANG_CXX_LIBRARY = "libc++";
				CLANG_ENABLE_MODULES = YES;
				CLANG_ENABLE_OBJC_ARC = YES;
				CLANG_ENABLE_OBJC_WEAK = YES;
				CLANG_WARN_BLOCK_CAPTURE_AUTORELEASING = YES;
				CLANG_WARN_BOOL_CONVERSION = YES;
				CLANG_WARN_COMMA = YES;
				CLANG_WARN_CONSTANT_CONVERSION = YES;
				CLANG_WARN_DEPRECATED_OBJC_IMPLEMENTATIONS = YES;
				CLANG_WARN_DIRECT_OBJC_ISA_USAGE = YES_ERROR;
				CLANG_WARN_DOCUMENTATION_COMMENTS = YES;
				CLANG_WARN_EMPTY_BODY = YES;
				CLANG_WARN_ENUM_CONVERSION = YES;
				CLANG_WARN_INFINITE_RECURSION = YES;
				CLANG_WARN_INT_CONVERSION = YES;
				CLANG_WARN_NON_LITERAL_NULL_CONVERSION = YES;
				CLANG_WARN_OBJC_IMPLICIT_RETAIN_SELF = YES;
				CLANG_WARN_OBJC_LITERAL_CONVERSION = YES;
				CLANG_WARN_OBJC_ROOT_CLASS = YES_ERROR;
				CLANG_WARN_QUOTED_INCLUDE_IN_FRAMEWORK_HEADER = YES;
				CLANG_WARN_RANGE_LOOP_ANALYSIS = YES;
				CLANG_WARN_STRICT_PROTOTYPES = YES;
				CLANG_WARN_SUSPICIOUS_MOVE = YES;
				CLANG_WARN_UNGUARDED_AVAILABILITY = YES_AGGRESSIVE;
				CLANG_WARN_UNREACHABLE_CODE = YES;
				CLANG_WARN__DUPLICATE_METHOD_MATCH = YES;
				COPY_PHASE_STRIP = NO;
				DEBUG_INFORMATION_FORMAT = "dwarf-with-dsym";
				ENABLE_NS_ASSERTIONS = NO;
				ENABLE_STRICT_OBJC_MSGSEND = YES;
				GCC_C_LANGUAGE_STANDARD = gnu11;
				GCC_NO_COMMON_BLOCKS = YES;
				GCC_WARN_64_TO_32_BIT_CONVERSION = YES;
				GCC_WARN_ABOUT_RETURN_TYPE = YES_ERROR;
				GCC_WARN_UNDECLARED_SELECTOR = YES;
				GCC_WARN_UNINITIALIZED_AUTOS = YES_AGGRESSIVE;
				GCC_WARN_UNUSED_FUNCTION = YES;
				GCC_WARN_UNUSED_VARIABLE = YES;
				MACOSX_DEPLOYMENT_TARGET = 10.15;
				MTL_ENABLE_DEBUG_INFO = NO;
				MTL_FAST_MATH = YES;
				SDKROOT = macosx;
				SWIFT_COMPILATION_MODE = wholemodule;
				SWIFT_OPTIMIZATION_LEVEL = "-O";
			};
			name = Release;
		};
		F737F8FC255AADF90061D961 /* Debug */ = {
			isa = XCBuildConfiguration;
			buildSettings = {
				CODE_SIGN_STYLE = Automatic;
				PRODUCT_NAME = "$(TARGET_NAME)";
				SWIFT_VERSION = 5.0;
			};
			name = Debug;
		};
		F737F8FD255AADF90061D961 /* Release */ = {
			isa = XCBuildConfiguration;
			buildSettings = {
				CODE_SIGN_STYLE = Automatic;
				PRODUCT_NAME = "$(TARGET_NAME)";
				SWIFT_VERSION = 5.0;
			};
			name = Release;
		};
/* End XCBuildConfiguration section */

/* Begin XCConfigurationList section */
		F737F8EF255AADF90061D961 /* Build configuration list for PBXProject "mlquiz" */ = {
			isa = XCConfigurationList;
			buildConfigurations = (
				F737F8F9255AADF90061D961 /* Debug */,
				F737F8FA255AADF90061D961 /* Release */,
			);
			defaultConfigurationIsVisible = 0;
			defaultConfigurationName = Release;
		};
		F737F8FB255AADF90061D961 /* Build configuration list for PBXNativeTarget "mlquiz" */ = {
			isa = XCConfigurationList;
			buildConfigurations = (
				F737F8FC255AADF90061D961 /* Debug */,
				F737F8FD255AADF90061D961 /* Release */,
			);
			defaultConfigurationIsVisible = 0;
			defaultConfigurationName = Release;
		};
/* End XCConfigurationList section */

/* Begin XCRemoteSwiftPackageReference section */
		F737F8FF255AB0310061D961 /* XCRemoteSwiftPackageReference "swift-numerics" */ = {
			isa = XCRemoteSwiftPackageReference;
			repositoryURL = "git@github.com:apple/swift-numerics.git";
			requirement = {
				kind = upToNextMajorVersion;
				minimumVersion = 0.0.0;
			};
		};
		F737F907255AB1350061D961 /* XCRemoteSwiftPackageReference "SwiftCSV" */ = {
			isa = XCRemoteSwiftPackageReference;
			repositoryURL = "git@github.com:swiftcsv/SwiftCSV.git";
			requirement = {
				kind = upToNextMinorVersion;
				minimumVersion = 0.5.0;
			};
		};
/* End XCRemoteSwiftPackageReference section */

/* Begin XCSwiftPackageProductDependency section */
		F737F900255AB0310061D961 /* ComplexModule */ = {
			isa = XCSwiftPackageProductDependency;
			package = F737F8FF255AB0310061D961 /* XCRemoteSwiftPackageReference "swift-numerics" */;
			productName = ComplexModule;
		};
		F737F902255AB0310061D961 /* RealModule */ = {
			isa = XCSwiftPackageProductDependency;
			package = F737F8FF255AB0310061D961 /* XCRemoteSwiftPackageReference "swift-numerics" */;
			productName = RealModule;
		};
		F737F904255AB0310061D961 /* Numerics */ = {
			isa = XCSwiftPackageProductDependency;
			package = F737F8FF255AB0310061D961 /* XCRemoteSwiftPackageReference "swift-numerics" */;
			productName = Numerics;
		};
		F737F908255AB1350061D961 /* SwiftCSV */ = {
			isa = XCSwiftPackageProductDependency;
			package = F737F907255AB1350061D961 /* XCRemoteSwiftPackageReference "SwiftCSV" */;
			productName = SwiftCSV;
		};
/* End XCSwiftPackageProductDependency section */
	};
	rootObject = F737F8EC255AADF90061D961 /* Project object */;
}
